# This file is autogenerated, do not edit; changes may be undone by the next 'dep ensure'.


[[projects]]
  name = "github.com/PuerkitoBio/goquery"
  packages = ["."]
  revision = "09540e565986583836b5fc792fe951ec5fd201dd"
  version = "v1.3.0"

[[projects]]
  name = "github.com/andybalholm/cascadia"
  packages = ["."]
  revision = "901648c87902174f774fac311d7f176f8647bdaa"
  version = "v1.0.0"

[[projects]]
  name = "github.com/astaxie/beego"
  packages = ["httplib"]
  revision = "bf5c5626ab429e66d88602e1ab1ab5fbf4629a01"
  version = "v1.9.2"

[[projects]]
  branch = "master"
  name = "github.com/sillydong/goczd"
  packages = [
    "godata",
    "gotime"
  ]
  revision = "3a3981f13743cf5e2b365183e0dd8eca7a6e6ca5"

[[projects]]
  name = "github.com/toqueteos/webbrowser"
  packages = ["."]
  revision = "3232c91b8ede8ca86e8962981d881af78875542f"
  version = "v1.1.0"

[[projects]]
  branch = "master"
  name = "golang.org/x/net"
  packages = [
    "html",
    "html/atom"
  ]
  revision = "cbe0f9307d0156177f9dd5dc85da1a31abc5f2fb"

[solve-meta]
  analyzer-name = "dep"
  analyzer-version = 1
  inputs-digest = "c51a1722280b67e4292e0ad9583337732eb08f7b6a671a95de43ebd057a807a9"
  solver-name = "gps-cdcl"
  solver-version = 1
